schema: '2.0'
stages:
  download_example:
    cmd: uv run python pipeline/01_download_example.py
    deps:
    - path: pipeline/01_download_example.py
      hash: md5
      md5: abb98cefce9854c95a7d5c43e5c58dec
      size: 1009
    outs:
    - path: data/downloads/example_data.parquet
      hash: md5
      md5: 018f2298ceca482c45be800de9bb0c10
      size: 165268
  process_example:
    cmd: MPLBACKEND=Agg uv run jupytext --to notebook --execute --set-kernel 
      python3 --output book/notebooks/02_analyse_example.ipynb 
      pipeline/02_analyse_example.py && uv run python 
      pipeline/_strip_jupytext_metadata.py 
      book/notebooks/02_analyse_example.ipynb
    deps:
    - path: data/downloads/example_data.parquet
      hash: md5
      md5: 018f2298ceca482c45be800de9bb0c10
      size: 165268
    - path: pipeline/02_analyse_example.py
      hash: md5
      md5: 8b071b168966d61106405966c237287f
      size: 2006
    outs:
    - path: book/notebooks/02_analyse_example.ipynb
      hash: md5
      md5: 306e98a7ef1881f3cc366051df505b7f
      size: 4819
    - path: output/images/02_category_dist.png
      hash: md5
      md5: 386d9a8a19f9aa84d3c71cae5149c25b
      size: 40443
    - path: output/images/02_daily_average.png
      hash: md5
      md5: 8e7046ced1ffd391bdfced90bf04fd34
      size: 179776
  download_pecd_wind_bias_reference:
    cmd: uv run python pipeline/01_download_pecd_wind_bias_reference.py
    deps:
    - path: pecdr/domain.py
      hash: md5
      md5: 7190950635ac7ff0fd696adc4b5b3fcc
      size: 1100
    - path: pipeline/01_download_pecd_wind_bias_reference.py
      hash: md5
      md5: f23122ddf11ae93a951944b257f8f902
      size: 2836
    outs:
    - path: data/downloads/pecd/climatology_era5_100m.zip
      hash: md5
      md5: 00fe35455e52c9fb719626deed072fe5
      size: 13435
    - path: data/downloads/pecd/climatology_era5_10m.zip
      hash: md5
      md5: cf8ed88fd2ce70f09cf5140475985afd
      size: 15481
    - path: data/downloads/pecd/climatology_gwa2_100m.zip
      hash: md5
      md5: 2b7c0d311b70d237fc20bd92f9119bd4
      size: 15403
    - path: data/downloads/pecd/climatology_gwa2_10m.zip
      hash: md5
      md5: 3b6c9a686c9a54ab51eeccf5af27c103
      size: 15352
    - path: data/downloads/pecd/power_law_coefficient.zip
      hash: md5
      md5: 273138d2210da18aa6ed0cd11c96454a
      size: 31829471
  download_pecd_wind_speed_snapshots:
    cmd: uv run python pipeline/02_download_pecd_wind_speed_snapshots.py
    deps:
    - path: pecdr/domain.py
      hash: md5
      md5: 7190950635ac7ff0fd696adc4b5b3fcc
      size: 1100
    - path: pipeline/02_download_pecd_wind_speed_snapshots.py
      hash: md5
      md5: c5f14ed60ff3c1d477ac120c1f9c90b2
      size: 2286
    outs:
    - path: data/downloads/pecd/pecd_100m_wind_speed_2020.zip
      hash: md5
      md5: 224f2fb94de4bebd5f6f9c1c039027b4
      size: 16391342
    - path: data/downloads/pecd/pecd_10m_wind_speed_2020.zip
      hash: md5
      md5: bd37a262ac3436bc3d410b3d03acb5f9
      size: 16516098
  download_era5_wind_snapshots:
    cmd: uv run python pipeline/03_download_era5_wind_snapshots.py
    deps:
    - path: pecdr/domain.py
      hash: md5
      md5: 7190950635ac7ff0fd696adc4b5b3fcc
      size: 1100
    - path: pipeline/03_download_era5_wind_snapshots.py
      hash: md5
      md5: 3e7c338ac7e8bb1355b9966da73d562c
      size: 2542
    outs:
    - path: data/downloads/era5/era5_wind_snapshots.nc
      hash: md5
      md5: e4fc3ef09ae73a0217e552183f095777
      size: 98738
  replicate_wind_bias_correction:
    cmd: MPLBACKEND=Agg uv run jupytext --to notebook --execute --set-kernel 
      python3 --output book/notebooks/04_replicate_wind_bias_correction.ipynb 
      pipeline/04_replicate_wind_bias_correction.py && uv run python 
      pipeline/_strip_jupytext_metadata.py 
      book/notebooks/04_replicate_wind_bias_correction.ipynb
    deps:
    - path: data/downloads/era5/era5_wind_snapshots.nc
      hash: md5
      md5: e4fc3ef09ae73a0217e552183f095777
      size: 98738
    - path: data/downloads/pecd/climatology_era5_100m.zip
      hash: md5
      md5: 00fe35455e52c9fb719626deed072fe5
      size: 13435
    - path: data/downloads/pecd/climatology_era5_10m.zip
      hash: md5
      md5: cf8ed88fd2ce70f09cf5140475985afd
      size: 15481
    - path: data/downloads/pecd/climatology_gwa2_100m.zip
      hash: md5
      md5: 2b7c0d311b70d237fc20bd92f9119bd4
      size: 15403
    - path: data/downloads/pecd/climatology_gwa2_10m.zip
      hash: md5
      md5: 3b6c9a686c9a54ab51eeccf5af27c103
      size: 15352
    - path: data/downloads/pecd/pecd_100m_wind_speed_2020.zip
      hash: md5
      md5: 224f2fb94de4bebd5f6f9c1c039027b4
      size: 16391342
    - path: data/downloads/pecd/pecd_10m_wind_speed_2020.zip
      hash: md5
      md5: bd37a262ac3436bc3d410b3d03acb5f9
      size: 16516098
    - path: pecdr/domain.py
      hash: md5
      md5: 7190950635ac7ff0fd696adc4b5b3fcc
      size: 1100
    - path: pecdr/pecd_io.py
      hash: md5
      md5: d319205cf33c103ce7e73bf426174d5a
      size: 3958
    - path: pecdr/wind_bias.py
      hash: md5
      md5: 0871c55e04d9d30510f94b1eb9fb9f14
      size: 3715
    - path: pipeline/04_replicate_wind_bias_correction.py
      hash: md5
      md5: 1d01370154fcb4f74afe2e22de6d4e38
      size: 8680
    outs:
    - path: book/notebooks/04_replicate_wind_bias_correction.ipynb
      hash: md5
      md5: 5528ca766f010bb22dca046d56d05825
      size: 17675
    - path: output/images/04_bias_correction_100m_20200115T0000.png
      hash: md5
      md5: c1c0714cc6fa2d9d4f6d1a4bd11427ce
      size: 144697
    - path: output/images/04_bias_correction_100m_20200615T1200.png
      hash: md5
      md5: 39f7029976f6ca51658b4612f37a0435
      size: 134716
    - path: output/images/04_bias_correction_10m_20200115T0000.png
      hash: md5
      md5: 74c8fb7651a56c40f411bd76499e81cd
      size: 135538
    - path: output/images/04_bias_correction_10m_20200615T1200.png
      hash: md5
      md5: 98d375ba19ee74bf826f4841d3e94646
      size: 134010
    - path: output/images/04_raw_vs_corrected_100m_20200115T0000.png
      hash: md5
      md5: 75671393c11bf6cb8eeb041c52e077ae
      size: 116692
    - path: output/images/04_raw_vs_corrected_100m_20200615T1200.png
      hash: md5
      md5: e3bc1cb19c6d6c3e3bf510f9301a7c47
      size: 114565
    - path: output/images/04_raw_vs_corrected_10m_20200115T0000.png
      hash: md5
      md5: 071a405b094fa08afde80503f0ea536b
      size: 120175
    - path: output/images/04_raw_vs_corrected_10m_20200615T1200.png
      hash: md5
      md5: 3daec2ecbd43ed19a743dce33587b6b6
      size: 114319
  extrapolate_wind_to_hub_height:
    cmd: MPLBACKEND=Agg uv run jupytext --to notebook --execute --set-kernel 
      python3 --output book/notebooks/05_extrapolate_wind_to_hub_height.ipynb 
      pipeline/05_extrapolate_wind_to_hub_height.py && uv run python 
      pipeline/_strip_jupytext_metadata.py 
      book/notebooks/05_extrapolate_wind_to_hub_height.ipynb
    deps:
    - path: data/downloads/era5/era5_wind_snapshots.nc
      hash: md5
      md5: e4fc3ef09ae73a0217e552183f095777
      size: 98738
    - path: data/downloads/pecd/climatology_era5_100m.zip
      hash: md5
      md5: 00fe35455e52c9fb719626deed072fe5
      size: 13435
    - path: data/downloads/pecd/climatology_era5_10m.zip
      hash: md5
      md5: cf8ed88fd2ce70f09cf5140475985afd
      size: 15481
    - path: data/downloads/pecd/climatology_gwa2_100m.zip
      hash: md5
      md5: 2b7c0d311b70d237fc20bd92f9119bd4
      size: 15403
    - path: data/downloads/pecd/climatology_gwa2_10m.zip
      hash: md5
      md5: 3b6c9a686c9a54ab51eeccf5af27c103
      size: 15352
    - path: data/downloads/pecd/power_law_coefficient.zip
      hash: md5
      md5: 273138d2210da18aa6ed0cd11c96454a
      size: 31829471
    - path: pecdr/domain.py
      hash: md5
      md5: 7190950635ac7ff0fd696adc4b5b3fcc
      size: 1100
    - path: pecdr/hub_height.py
      hash: md5
      md5: d92123205b6c78e5127aff0b21fd5fcc
      size: 2542
    - path: pecdr/pecd_io.py
      hash: md5
      md5: d319205cf33c103ce7e73bf426174d5a
      size: 3958
    - path: pecdr/wind_bias.py
      hash: md5
      md5: 0871c55e04d9d30510f94b1eb9fb9f14
      size: 3715
    - path: pipeline/05_extrapolate_wind_to_hub_height.py
      hash: md5
      md5: 15b7aace22b94e5ee9d664c9e6bea28b
      size: 5610
    outs:
    - path: book/notebooks/05_extrapolate_wind_to_hub_height.ipynb
      hash: md5
      md5: d6fba2c02a1cb4e72edb68efaff997bb
      size: 11573
    - path: output/images/05_alpha_consistency_20200115T0000.png
      hash: md5
      md5: d66c3972bfdfde39a1be5c7d9983c5d0
      size: 135643
    - path: output/images/05_alpha_consistency_20200615T1200.png
      hash: md5
      md5: bd7bdc014e0a4e8b01fb8f1adf84387a
      size: 131100
    - path: output/images/05_hub_height_profile.png
      hash: md5
      md5: 7487b489ed4ec667c5b874845476abd2
      size: 59456
  download_pecd_masks:
    cmd: uv run python pipeline/06_download_pecd_masks.py
    deps:
    - path: pipeline/06_download_pecd_masks.py
      hash: md5
      md5: 881c3fc120b24f1d31f0b1dc28cf9569
      size: 1470
    outs:
    - path: data/downloads/pecd/peon_region_mask.zip
      hash: md5
      md5: 409e246d63be52cda6443af3121a5543
      size: 85527869
  download_pecd_peon_capacity_factor:
    cmd: uv run python pipeline/07_download_pecd_peon_capacity_factor.py
    deps:
    - path: pecdr/domain.py
      hash: md5
      md5: 7190950635ac7ff0fd696adc4b5b3fcc
      size: 1100
    - path: pipeline/07_download_pecd_peon_capacity_factor.py
      hash: md5
      md5: 8729f8cfa0b2af6880a2a8c7fe862b79
      size: 1986
    outs:
    - path: data/downloads/pecd/pecd_peon_capacity_factor_2020.zip
      hash: md5
      md5: 9fee96f894d0d24bb7b28df3b76a540a
      size: 2681804
  build_wind_onshore_plant_panel:
    cmd: uv run python pipeline/08_build_wind_onshore_plant_panel.py
    deps:
    - path: data/downloads/pecd/peon_region_mask.zip
      hash: md5
      md5: 409e246d63be52cda6443af3121a5543
      size: 85527869
    - path: pecdr/grid.py
      hash: md5
      md5: dba5aa98b94cdd51f5148c3d60059f50
      size: 729
    - path: pecdr/peon_zones.py
      hash: md5
      md5: ad2b36468490f1022015bdae28d916a9
      size: 3305
    - path: pipeline/08_build_wind_onshore_plant_panel.py
      hash: md5
      md5: a38c82d2a9b7be6728483b961cd289f7
      size: 2622
    outs:
    - path: data/processed/wind_onshore_plant_panel.parquet
      hash: md5
      md5: 516edb35ff257c3ce5c52b4f8cd6ed2a
      size: 959852
  replicate_wind_onshore_capacity_factor:
    cmd: MPLBACKEND=Agg uv run jupytext --to notebook --execute --set-kernel 
      python3 --output 
      book/notebooks/09_replicate_wind_onshore_capacity_factor.ipynb 
      pipeline/09_replicate_wind_onshore_capacity_factor.py && uv run python 
      pipeline/_strip_jupytext_metadata.py 
      book/notebooks/09_replicate_wind_onshore_capacity_factor.ipynb
    deps:
    - path: data/downloads/era5/era5_wind_snapshots.nc
      hash: md5
      md5: e4fc3ef09ae73a0217e552183f095777
      size: 98738
    - path: data/downloads/pecd/climatology_era5_100m.zip
      hash: md5
      md5: 00fe35455e52c9fb719626deed072fe5
      size: 13435
    - path: data/downloads/pecd/climatology_gwa2_100m.zip
      hash: md5
      md5: 2b7c0d311b70d237fc20bd92f9119bd4
      size: 15403
    - path: data/downloads/pecd/pecd_peon_capacity_factor_2020.zip
      hash: md5
      md5: 9fee96f894d0d24bb7b28df3b76a540a
      size: 2681804
    - path: data/downloads/pecd/power_law_coefficient.zip
      hash: md5
      md5: 273138d2210da18aa6ed0cd11c96454a
      size: 31829471
    - path: data/processed/wind_onshore_plant_panel.parquet
      hash: md5
      md5: 516edb35ff257c3ce5c52b4f8cd6ed2a
      size: 959852
    - path: pecdr/domain.py
      hash: md5
      md5: 7190950635ac7ff0fd696adc4b5b3fcc
      size: 1100
    - path: pecdr/hub_height.py
      hash: md5
      md5: d92123205b6c78e5127aff0b21fd5fcc
      size: 2542
    - path: pecdr/pecd_io.py
      hash: md5
      md5: d319205cf33c103ce7e73bf426174d5a
      size: 3958
    - path: pecdr/power_curve.py
      hash: md5
      md5: 2d763f9056c2bd467200b23d6f71df69
      size: 5966
    - path: pecdr/shutdown.py
      hash: md5
      md5: c5e32e1cbdb12fe70c02b1ca8550adc2
      size: 1978
    - path: pecdr/wind_bias.py
      hash: md5
      md5: 0871c55e04d9d30510f94b1eb9fb9f14
      size: 3715
    - path: pipeline/09_replicate_wind_onshore_capacity_factor.py
      hash: md5
      md5: d4bc25d9b212aa2911d24dde71778542
      size: 8427
    outs:
    - path: book/notebooks/09_replicate_wind_onshore_capacity_factor.ipynb
      hash: md5
      md5: d036d4d6f7e5cb6ad511d1fd90027716
      size: 23889
    - path: output/images/09_national_aggregate_comparison.png
      hash: md5
      md5: c2b68fe34d83aad5e73386f47603a286
      size: 42565
    - path: output/images/09_peon_zone_comparison.png
      hash: md5
      md5: a8c20ba0d1d8fb5e158f6747878c6f5b
      size: 95725
  compute_wind_onshore_full_year:
    cmd: uv run python pipeline/10_compute_wind_onshore_full_year.py
    deps:
    - path: data/downloads/pecd/climatology_era5_100m.zip
      hash: md5
      md5: 00fe35455e52c9fb719626deed072fe5
      size: 13435
    - path: data/downloads/pecd/climatology_gwa2_100m.zip
      hash: md5
      md5: 2b7c0d311b70d237fc20bd92f9119bd4
      size: 15403
    - path: data/downloads/pecd/power_law_coefficient.zip
      hash: md5
      md5: 273138d2210da18aa6ed0cd11c96454a
      size: 31829471
    - path: data/processed/wind_onshore_plant_panel.parquet
      hash: md5
      md5: 516edb35ff257c3ce5c52b4f8cd6ed2a
      size: 959852
    - path: pecdr/full_year.py
      hash: md5
      md5: 835e935c1d76e4d14b126ee5a28560ac
      size: 4706
    - path: pecdr/plant_model.py
      hash: md5
      md5: 8e265e4938ef2ac74b5d485a88c6b480
      size: 2152
    - path: pipeline/10_compute_wind_onshore_full_year.py
      hash: md5
      md5: 66768002511821dc42ae61f56938e801
      size: 2602
    outs:
    - path: data/processed/wind_onshore_full_year_2020_cf.parquet
      hash: md5
      md5: b2b234aba700ecdbeb06c13b183ca89a
      size: 770515
  analyse_wind_onshore_full_year:
    cmd: MPLBACKEND=Agg uv run jupytext --to notebook --execute --set-kernel 
      python3 --output book/notebooks/11_analyse_wind_onshore_full_year.ipynb 
      pipeline/11_analyse_wind_onshore_full_year.py && uv run python 
      pipeline/_strip_jupytext_metadata.py 
      book/notebooks/11_analyse_wind_onshore_full_year.ipynb
    deps:
    - path: data/downloads/pecd/pecd_peon_capacity_factor_2020.zip
      hash: md5
      md5: 9fee96f894d0d24bb7b28df3b76a540a
      size: 2681804
    - path: data/processed/wind_onshore_full_year_2020_cf.parquet
      hash: md5
      md5: b2b234aba700ecdbeb06c13b183ca89a
      size: 770515
    - path: data/processed/wind_onshore_plant_panel.parquet
      hash: md5
      md5: 516edb35ff257c3ce5c52b4f8cd6ed2a
      size: 959852
    - path: pecdr/pecd_io.py
      hash: md5
      md5: d319205cf33c103ce7e73bf426174d5a
      size: 3958
    - path: pipeline/11_analyse_wind_onshore_full_year.py
      hash: md5
      md5: b2b44d687228db9ac5cef7d2a955d7ea
      size: 5034
    outs:
    - path: book/notebooks/11_analyse_wind_onshore_full_year.ipynb
      hash: md5
      md5: adba4e4fee039a0d52b0c026aefc289d
      size: 13542
    - path: output/images/11_bias_vs_cf_level.png
      hash: md5
      md5: 11baa25c6222055abd720fcedc070a4e
      size: 134147
    - path: output/images/11_full_year_timeseries.png
      hash: md5
      md5: 96baef5c9ac87a145e2e8ccc22d594cb
      size: 376853
